
Microsoft Visual Studio Solution File, Format Version 12.00
# Visual Studio Version 17
VisualStudioVersion = 17.12.35209.166
MinimumVisualStudioVersion = 10.0.40219.1
Project("{FAE04EC0-301F-11D3-BF4B-00C04F79EFBC}") = "BlazorIntApp1", "BlazorIntApp1.csproj", "{11299EFA-5CE5-4EB1-98BD-58969CEDA5E2}"
EndProject
Global
	GlobalSection(SolutionConfigurationPlatforms) = preSolution
		Debug|Any CPU = Debug|Any CPU
		Release|Any CPU = Release|Any CPU
	EndGlobalSection
	GlobalSection(ProjectConfigurationPlatforms) = postSolution
		{11299EFA-5CE5-4EB1-98BD-58969CEDA5E2}.Debug|Any CPU.ActiveCfg = Debug|Any CPU
		{11299EFA-5CE5-4EB1-98BD-58969CEDA5E2}.Debug|Any CPU.Build.0 = Debug|Any CPU
		{11299EFA-5CE5-4EB1-98BD-58969CEDA5E2}.Release|Any CPU.ActiveCfg = Release|Any CPU
		{11299EFA-5CE5-4EB1-98BD-58969CEDA5E2}.Release|Any CPU.Build.0 = Release|Any CPU
	EndGlobalSection
	GlobalSection(SolutionProperties) = preSolution
		HideSolutionNode = FALSE
	EndGlobalSection
	GlobalSection(ExtensibilityGlobals) = postSolution
		SolutionGuid = {00724A76-5F30-493F-8852-48AE89195043}
	EndGlobalSection
EndGlobal
